// !$*UTF8*$!
{
	archiveVersion = 1;
	classes = {
	};
	objectVersion = 48;
	objects = {

/* Begin PBXBuildFile section */
		2C8AE97020B7686E00CDC985 /* AppDelegate.swift in Sources */ = {isa = PBXBuildFile; fileRef = 2C8AE96F20B7686E00CDC985 /* AppDelegate.swift */; };
		2C8AE97220B7686E00CDC985 /* ViewController.swift in Sources */ = {isa = PBXBuildFile; fileRef = 2C8AE97120B7686E00CDC985 /* ViewController.swift */; };
		2C8AE97520B7686F00CDC985 /* Main.storyboard in Resources */ = {isa = PBXBuildFile; fileRef = 2C8AE97320B7686F00CDC985 /* Main.storyboard */; };
		2C8AE97720B7686F00CDC985 /* Assets.xcassets in Resources */ = {isa = PBXBuildFile; fileRef = 2C8AE97620B7686F00CDC985 /* Assets.xcassets */; };
		2C8AE97A20B7686F00CDC985 /* LaunchScreen.storyboard in Resources */ = {isa = PBXBuildFile; fileRef = 2C8AE97820B7686F00CDC985 /* LaunchScreen.storyboard */; };
		2C8AE98520B7687100CDC985 /* GitHubTrialTests.swift in Sources */ = {isa = PBXBuildFile; fileRef = 2C8AE98420B7687100CDC985 /* GitHubTrialTests.swift */; };
		2C8AE99020B7687100CDC985 /* GitHubTrialUITests.swift in Sources */ = {isa = PBXBuildFile; fileRef = 2C8AE98F20B7687100CDC985 /* GitHubTrialUITests.swift */; };
/* End PBXBuildFile section */

/* Begin PBXContainerItemProxy section */
		2C8AE98120B7687000CDC985 /* PBXContainerItemProxy */ = {
			isa = PBXContainerItemProxy;
			containerPortal = 2C8AE96420B7686E00CDC985 /* Project object */;
			proxyType = 1;
			remoteGlobalIDString = 2C8AE96B20B7686E00CDC985;
			remoteInfo = GitHubTrial;
		};
		2C8AE98C20B7687100CDC985 /* PBXContainerItemProxy */ = {
			isa = PBXContainerItemProxy;
			containerPortal = 2C8AE96420B7686E00CDC985 /* Project object */;
			proxyType = 1;
			remoteGlobalIDString = 2C8AE96B20B7686E00CDC985;
			remoteInfo = GitHubTrial;
		};
/* End PBXContainerItemProxy section */

/* Begin PBXFileReference section */
		2C8AE96C20B7686E00CDC985 /* GitHubTrial.app */ = {isa = PBXFileReference; explicitFileType = wrapper.application; includeInIndex = 0; path = GitHubTrial.app; sourceTree = BUILT_PRODUCTS_DIR; };
		2C8AE96F20B7686E00CDC985 /* AppDelegate.swift */ = {isa = PBXFileReference; lastKnownFileType = sourcecode.swift; path = AppDelegate.swift; sourceTree = "<group>"; };
		2C8AE97120B7686E00CDC985 /* ViewController.swift */ = {isa = PBXFileReference; lastKnownFileType = sourcecode.swift; path = ViewController.swift; sourceTree = "<group>"; };
		2C8AE97420B7686F00CDC985 /* Base */ = {isa = PBXFileReference; lastKnownFileType = file.storyboard; name = Base; path = Base.lproj/Main.storyboard; sourceTree = "<group>"; };
		2C8AE97620B7686F00CDC985 /* Assets.xcassets */ = {isa = PBXFileReference; lastKnownFileType = folder.assetcatalog; path = Assets.xcassets; sourceTree = "<group>"; };
		2C8AE97920B7686F00CDC985 /* Base */ = {isa = PBXFileReference; lastKnownFileType = file.storyboard; name = Base; path = Base.lproj/LaunchScreen.storyboard; sourceTree = "<group>"; };
		2C8AE97B20B7686F00CDC985 /* Info.plist */ = {isa = PBXFileReference; lastKnownFileType = text.plist.xml; path = Info.plist; sourceTree = "<group>"; };
		2C8AE98020B7687000CDC985 /* GitHubTrialTests.xctest */ = {isa = PBXFileReference; explicitFileType = wrapper.cfbundle; includeInIndex = 0; path = GitHubTrialTests.xctest; sourceTree = BUILT_PRODUCTS_DIR; };
		2C8AE98420B7687100CDC985 /* GitHubTrialTests.swift */ = {isa = PBXFileReference; lastKnownFileType = sourcecode.swift; path = GitHubTrialTests.swift; sourceTree = "<group>"; };
		2C8AE98620B7687100CDC985 /* Info.plist */ = {isa = PBXFileReference; lastKnownFileType = text.plist.xml; path = Info.plist; sourceTree = "<group>"; };
		2C8AE98B20B7687100CDC985 /* GitHubTrialUITests.xctest */ = {isa = PBXFileReference; explicitFileType = wrapper.cfbundle; includeInIndex = 0; path = GitHubTrialUITests.xctest; sourceTree = BUILT_PRODUCTS_DIR; };
		2C8AE98F20B7687100CDC985 /* GitHubTrialUITests.swift */ = {isa = PBXFileReference; lastKnownFileType = sourcecode.swift; path = GitHubTrialUITests.swift; sourceTree = "<group>"; };
		2C8AE99120B7687100CDC985 /* Info.plist */ = {isa = PBXFileReference; lastKnownFileType = text.plist.xml; path = Info.plist; sourceTree = "<group>"; };
/* End PBXFileReference section */

/* Begin PBXFrameworksBuildPhase section */
		2C8AE96920B7686E00CDC985 /* Frameworks */ = {
			isa = PBXFrameworksBuildPhase;
			buildActionMask = 2147483647;
			files = (
			);
			runOnlyForDeploymentPostprocessing = 0;
		};
		2C8AE97D20B7687000CDC985 /* Frameworks */ = {
			isa = PBXFrameworksBuildPhase;
			buildActionMask = 2147483647;
			files = (
			);
			runOnlyForDeploymentPostprocessing = 0;
		};
		2C8AE98820B7687100CDC985 /* Frameworks */ = {
			isa = PBXFrameworksBuildPhase;
			buildActionMask = 2147483647;
			files = (
			);
			runOnlyForDeploymentPostprocessing = 0;
		};
/* End PBXFrameworksBuildPhase section */

/* Begin PBXGroup section */
		2C8AE96320B7686E00CDC985 = {
			isa = PBXGroup;
			children = (
				2C8AE96E20B7686E00CDC985 /* GitHubTrial */,
				2C8AE98320B7687100CDC985 /* GitHubTrialTests */,
				2C8AE98E20B7687100CDC985 /* GitHubTrialUITests */,
				2C8AE96D20B7686E00CDC985 /* Products */,
			);
			sourceTree = "<group>";
		};
		2C8AE96D20B7686E00CDC985 /* Products */ = {
			isa = PBXGroup;
			children = (
				2C8AE96C20B7686E00CDC985 /* GitHubTrial.app */,
				2C8AE98020B7687000CDC985 /* GitHubTrialTests.xctest */,
				2C8AE98B20B7687100CDC985 /* GitHubTrialUITests.xctest */,
			);
			name = Products;
			sourceTree = "<group>";
		};
		2C8AE96E20B7686E00CDC985 /* GitHubTrial */ = {
			isa = PBXGroup;
			children = (
				2C8AE96F20B7686E00CDC985 /* AppDelegate.swift */,
				2C8AE97120B7686E00CDC985 /* ViewController.swift */,
				2C8AE97320B7686F00CDC985 /* Main.storyboard */,
				2C8AE97620B7686F00CDC985 /* Assets.xcassets */,
				2C8AE97820B7686F00CDC985 /* LaunchScreen.storyboard */,
				2C8AE97B20B7686F00CDC985 /* Info.plist */,
			);
			path = GitHubTrial;
			sourceTree = "<group>";
		};
		2C8AE98320B7687100CDC985 /* GitHubTrialTests */ = {
			isa = PBXGroup;
			children = (
				2C8AE98420B7687100CDC985 /* GitHubTrialTests.swift */,
				2C8AE98620B7687100CDC985 /* Info.plist */,
			);
			path = GitHubTrialTests;
			sourceTree = "<group>";
		};
		2C8AE98E20B7687100CDC985 /* GitHubTrialUITests */ = {
			isa = PBXGroup;
			children = (
				2C8AE98F20B7687100CDC985 /* GitHubTrialUITests.swift */,
				2C8AE99120B7687100CDC985 /* Info.plist */,
			);
			path = GitHubTrialUITests;
			sourceTree = "<group>";
		};
/* End PBXGroup section */

/* Begin PBXNativeTarget section */
		2C8AE96B20B7686E00CDC985 /* GitHubTrial */ = {
			isa = PBXNativeTarget;
			buildConfigurationList = 2C8AE99420B7687100CDC985 /* Build configuration list for PBXNativeTarget "GitHubTrial" */;
			buildPhases = (
				2C8AE96820B7686E00CDC985 /* Sources */,
				2C8AE96920B7686E00CDC985 /* Frameworks */,
				2C8AE96A20B7686E00CDC985 /* Resources */,
			);
			buildRules = (
			);
			dependencies = (
			);
			name = GitHubTrial;
			productName = GitHubTrial;
			productReference = 2C8AE96C20B7686E00CDC985 /* GitHubTrial.app */;
			productType = "com.apple.product-type.application";
		};
		2C8AE97F20B7687000CDC985 /* GitHubTrialTests */ = {
			isa = PBXNativeTarget;
			buildConfigurationList = 2C8AE99720B7687100CDC985 /* Build configuration list for PBXNativeTarget "GitHubTrialTests" */;
			buildPhases = (
				2C8AE97C20B7687000CDC985 /* Sources */,
				2C8AE97D20B7687000CDC985 /* Frameworks */,
				2C8AE97E20B7687000CDC985 /* Resources */,
			);
			buildRules = (
			);
			dependencies = (
				2C8AE98220B7687000CDC985 /* PBXTargetDependency */,
			);
			name = GitHubTrialTests;
			productName = GitHubTrialTests;
			productReference = 2C8AE98020B7687000CDC985 /* GitHubTrialTests.xctest */;
			productType = "com.apple.product-type.bundle.unit-test";
		};
		2C8AE98A20B7687100CDC985 /* GitHubTrialUITests */ = {
			isa = PBXNativeTarget;
			buildConfigurationList = 2C8AE99A20B7687100CDC985 /* Build configuration list for PBXNativeTarget "GitHubTrialUITests" */;
			buildPhases = (
				2C8AE98720B7687100CDC985 /* Sources */,
				2C8AE98820B7687100CDC985 /* Frameworks */,
				2C8AE98920B7687100CDC985 /* Resources */,
			);
			buildRules = (
			);
			dependencies = (
				2C8AE98D20B7687100CDC985 /* PBXTargetDependency */,
			);
			name = GitHubTrialUITests;
			productName = GitHubTrialUITests;
			productReference = 2C8AE98B20B7687100CDC985 /* GitHubTrialUITests.xctest */;
			productType = "com.apple.product-type.bundle.ui-testing";
		};
/* End PBXNativeTarget section */

/* Begin PBXProject section */
		2C8AE96420B7686E00CDC985 /* Project object */ = {
			isa = PBXProject;
			attributes = {
				LastSwiftUpdateCheck = 0920;
				LastUpgradeCheck = 0920;
				ORGANIZATIONNAME = PANKAJ;
				TargetAttributes = {
					2C8AE96B20B7686E00CDC985 = {
						CreatedOnToolsVersion = 9.2;
						ProvisioningStyle = Automatic;
					};
					2C8AE97F20B7687000CDC985 = {
						CreatedOnToolsVersion = 9.2;
						ProvisioningStyle = Automatic;
						TestTargetID = 2C8AE96B20B7686E00CDC985;
					};
					2C8AE98A20B7687100CDC985 = {
						CreatedOnToolsVersion = 9.2;
						ProvisioningStyle = Automatic;
						TestTargetID = 2C8AE96B20B7686E00CDC985;
					};
				};
			};
			buildConfigurationList = 2C8AE96720B7686E00CDC985 /* Build configuration list for PBXProject "GitHubTrial" */;
			compatibilityVersion = "Xcode 8.0";
			developmentRegion = en;
			hasScannedForEncodings = 0;
			knownRegions = (
				en,
				Base,
			);
			mainGroup = 2C8AE96320B7686E00CDC985;
			productRefGroup = 2C8AE96D20B7686E00CDC985 /* Products */;
			projectDirPath = "";
			projectRoot = "";
			targets = (
				2C8AE96B20B7686E00CDC985 /* GitHubTrial */,
				2C8AE97F20B7687000CDC985 /* GitHubTrialTests */,
				2C8AE98A20B7687100CDC985 /* GitHubTrialUITests */,
			);
		};
/* End PBXProject section */

/* Begin PBXResourcesBuildPhase section */
		2C8AE96A20B7686E00CDC985 /* Resources */ = {
			isa = PBXResourcesBuildPhase;
			buildActionMask = 2147483647;
			files = (
				2C8AE97A20B7686F00CDC985 /* LaunchScreen.storyboard in Resources */,
				2C8AE97720B7686F00CDC985 /* Assets.xcassets in Resources */,
				2C8AE97520B7686F00CDC985 /* Main.storyboard in Resources */,
			);
			runOnlyForDeploymentPostprocessing = 0;
		};
		2C8AE97E20B7687000CDC985 /* Resources */ = {
			isa = PBXResourcesBuildPhase;
			buildActionMask = 2147483647;
			files = (
			);
			runOnlyForDeploymentPostprocessing = 0;
		};
		2C8AE98920B7687100CDC985 /* Resources */ = {
			isa = PBXResourcesBuildPhase;
			buildActionMask = 2147483647;
			files = (
			);
			runOnlyForDeploymentPostprocessing = 0;
		};
/* End PBXResourcesBuildPhase section */

/* Begin PBXSourcesBuildPhase section */
		2C8AE96820B7686E00CDC985 /* Sources */ = {
			isa = PBXSourcesBuildPhase;
			buildActionMask = 2147483647;
			files = (
				2C8AE97220B7686E00CDC985 /* ViewController.swift in Sources */,
				2C8AE97020B7686E00CDC985 /* AppDelegate.swift in Sources */,
			);
			runOnlyForDeploymentPostprocessing = 0;
		};
		2C8AE97C20B7687000CDC985 /* Sources */ = {
			isa = PBXSourcesBuildPhase;
			buildActionMask = 2147483647;
			files = (
				2C8AE98520B7687100CDC985 /* GitHubTrialTests.swift in Sources */,
			);
			runOnlyForDeploymentPostprocessing = 0;
		};
		2C8AE98720B7687100CDC985 /* Sources */ = {
			isa = PBXSourcesBuildPhase;
			buildActionMask = 2147483647;
			files = (
				2C8AE99020B7687100CDC985 /* GitHubTrialUITests.swift in Sources */,
			);
			runOnlyForDeploymentPostprocessing = 0;
		};
/* End PBXSourcesBuildPhase section */

/* Begin PBXTargetDependency section */
		2C8AE98220B7687000CDC985 /* PBXTargetDependency */ = {
			isa = PBXTargetDependency;
			target = 2C8AE96B20B7686E00CDC985 /* GitHubTrial */;
			targetProxy = 2C8AE98120B7687000CDC985 /* PBXContainerItemProxy */;
		};
		2C8AE98D20B7687100CDC985 /* PBXTargetDependency */ = {
			isa = PBXTargetDependency;
			target = 2C8AE96B20B7686E00CDC985 /* GitHubTrial */;
			targetProxy = 2C8AE98C20B7687100CDC985 /* PBXContainerItemProxy */;
		};
/* End PBXTargetDependency section */

/* Begin PBXVariantGroup section */
		2C8AE97320B7686F00CDC985 /* Main.storyboard */ = {
			isa = PBXVariantGroup;
			children = (
				2C8AE97420B7686F00CDC985 /* Base */,
			);
			name = Main.storyboard;
			sourceTree = "<group>";
		};
		2C8AE97820B7686F00CDC985 /* LaunchScreen.storyboard */ = {
			isa = PBXVariantGroup;
			children = (
				2C8AE97920B7686F00CDC985 /* Base */,
			);
			name = LaunchScreen.storyboard;
			sourceTree = "<group>";
		};
/* End PBXVariantGroup section */

/* Begin XCBuildConfiguration section */
		2C8AE99220B7687100CDC985 /* Debug */ = {
			isa = XCBuildConfiguration;
			buildSettings = {
				ALWAYS_SEARCH_USER_PATHS = NO;
				CLANG_ANALYZER_NONNULL = YES;
				CLANG_ANALYZER_NUMBER_OBJECT_CONVERSION = YES_AGGRESSIVE;
				CLANG_CXX_LANGUAGE_STANDARD = "gnu++14";
				CLANG_CXX_LIBRARY = "libc++";
				CLANG_ENABLE_MODULES = YES;
				CLANG_ENABLE_OBJC_ARC = YES;
				CLANG_WARN_BLOCK_CAPTURE_AUTORELEASING = YES;
				CLANG_WARN_BOOL_CONVERSION = YES;
				CLANG_WARN_COMMA = YES;
				CLANG_WARN_CONSTANT_CONVERSION = YES;
				CLANG_WARN_DIRECT_OBJC_ISA_USAGE = YES_ERROR;
				CLANG_WARN_DOCUMENTATION_COMMENTS = YES;
				CLANG_WARN_EMPTY_BODY = YES;
				CLANG_WARN_ENUM_CONVERSION = YES;
				CLANG_WARN_INFINITE_RECURSION = YES;
				CLANG_WARN_INT_CONVERSION = YES;
				CLANG_WARN_NON_LITERAL_NULL_CONVERSION = YES;
				CLANG_WARN_OBJC_LITERAL_CONVERSION = YES;
				CLANG_WARN_OBJC_ROOT_CLASS = YES_ERROR;
				CLANG_WARN_RANGE_LOOP_ANALYSIS = YES;
				CLANG_WARN_STRICT_PROTOTYPES = YES;
				CLANG_WARN_SUSPICIOUS_MOVE = YES;
				CLANG_WARN_UNGUARDED_AVAILABILITY = YES_AGGRESSIVE;
				CLANG_WARN_UNREACHABLE_CODE = YES;
				CLANG_WARN__DUPLICATE_METHOD_MATCH = YES;
				CODE_SIGN_IDENTITY = "iPhone Developer";
				COPY_PHASE_STRIP = NO;
				DEBUG_INFORMATION_FORMAT = dwarf;
				ENABLE_STRICT_OBJC_MSGSEND = YES;
				ENABLE_TESTABILITY = YES;
				GCC_C_LANGUAGE_STANDARD = gnu11;
				GCC_DYNAMIC_NO_PIC = NO;
				GCC_NO_COMMON_BLOCKS = YES;
				GCC_OPTIMIZATION_LEVEL = 0;
				GCC_PREPROCESSOR_DEFINITIONS = (
					"DEBUG=1",
					"$(inherited)",
				);
				GCC_WARN_64_TO_32_BIT_CONVERSION = YES;
				GCC_WARN_ABOUT_RETURN_TYPE = YES_ERROR;
				GCC_WARN_UNDECLARED_SELECTOR = YES;
				GCC_WARN_UNINITIALIZED_AUTOS = YES_AGGRESSIVE;
				GCC_WARN_UNUSED_FUNCTION = YES;
				GCC_WARN_UNUSED_VARIABLE = YES;
				IPHONEOS_DEPLOYMENT_TARGET = 11.2;
				MTL_ENABLE_DEBUG_INFO = YES;
				ONLY_ACTIVE_ARCH = YES;
				SDKROOT = iphoneos;
				SWIFT_ACTIVE_COMPILATION_CONDITIONS = DEBUG;
				SWIFT_OPTIMIZATION_LEVEL = "-Onone";
			};
			name = Debug;
		};
		2C8AE99320B7687100CDC985 /* Release */ = {
			isa = XCBuildConfiguration;
			buildSettings = {
				ALWAYS_SEARCH_USER_PATHS = NO;
				CLANG_ANALYZER_NONNULL = YES;
				CLANG_ANALYZER_NUMBER_OBJECT_CONVERSION = YES_AGGRESSIVE;
				CLANG_CXX_LANGUAGE_STANDARD = "gnu++14";
				CLANG_CXX_LIBRARY = "libc++";
				CLANG_ENABLE_MODULES = YES;
				CLANG_ENABLE_OBJC_ARC = YES;
				CLANG_WARN_BLOCK_CAPTURE_AUTORELEASING = YES;
				CLANG_WARN_BOOL_CONVERSION = YES;
				CLANG_WARN_COMMA = YES;
				CLANG_WARN_CONSTANT_CONVERSION = YES;
				CLANG_WARN_DIRECT_OBJC_ISA_USAGE = YES_ERROR;
				CLANG_WARN_DOCUMENTATION_COMMENTS = YES;
				CLANG_WARN_EMPTY_BODY = YES;
				CLANG_WARN_ENUM_CONVERSION = YES;
				CLANG_WARN_INFINITE_RECURSION = YES;
				CLANG_WARN_INT_CONVERSION = YES;
				CLANG_WARN_NON_LITERAL_NULL_CONVERSION = YES;
				CLANG_WARN_OBJC_LITERAL_CONVERSION = YES;
				CLANG_WARN_OBJC_ROOT_CLASS = YES_ERROR;
				CLANG_WARN_RANGE_LOOP_ANALYSIS = YES;
				CLANG_WARN_STRICT_PROTOTYPES = YES;
				CLANG_WARN_SUSPICIOUS_MOVE = YES;
				CLANG_WARN_UNGUARDED_AVAILABILITY = YES_AGGRESSIVE;
				CLANG_WARN_UNREACHABLE_CODE = YES;
				CLANG_WARN__DUPLICATE_METHOD_MATCH = YES;
				CODE_SIGN_IDENTITY = "iPhone Developer";
				COPY_PHASE_STRIP = NO;
				DEBUG_INFORMATION_FORMAT = "dwarf-with-dsym";
				ENABLE_NS_ASSERTIONS = NO;
				ENABLE_STRICT_OBJC_MSGSEND = YES;
				GCC_C_LANGUAGE_STANDARD = gnu11;
				GCC_NO_COMMON_BLOCKS = YES;
				GCC_WARN_64_TO_32_BIT_CONVERSION = YES;
				GCC_WARN_ABOUT_RETURN_TYPE = YES_ERROR;
				GCC_WARN_UNDECLARED_SELECTOR = YES;
				GCC_WARN_UNINITIALIZED_AUTOS = YES_AGGRESSIVE;
				GCC_WARN_UNUSED_FUNCTION = YES;
				GCC_WARN_UNUSED_VARIABLE = YES;
				IPHONEOS_DEPLOYMENT_TARGET = 11.2;
				MTL_ENABLE_DEBUG_INFO = NO;
				SDKROOT = iphoneos;
				SWIFT_OPTIMIZATION_LEVEL = "-Owholemodule";
				VALIDATE_PRODUCT = YES;
			};
			name = Release;
		};
		2C8AE99520B7687100CDC985 /* Debug */ = {
			isa = XCBuildConfiguration;
			buildSettings = {
				ASSETCATALOG_COMPILER_APPICON_NAME = AppIcon;
				CODE_SIGN_STYLE = Automatic;
				INFOPLIST_FILE = GitHubTrial/Info.plist;
				LD_RUNPATH_SEARCH_PATHS = "$(inherited) @executable_path/Frameworks";
				PRODUCT_BUNDLE_IDENTIFIER = pankaj.personal.com.GitHubTrial;
				PRODUCT_NAME = "$(TARGET_NAME)";
				SWIFT_VERSION = 4.0;
				TARGETED_DEVICE_FAMILY = "1,2";
			};
			name = Debug;
		};
		2C8AE99620B7687100CDC985 /* Release */ = {
			isa = XCBuildConfiguration;
			buildSettings = {
				ASSETCATALOG_COMPILER_APPICON_NAME = AppIcon;
				CODE_SIGN_STYLE = Automatic;
				INFOPLIST_FILE = GitHubTrial/Info.plist;
				LD_RUNPATH_SEARCH_PATHS = "$(inherited) @executable_path/Frameworks";
				PRODUCT_BUNDLE_IDENTIFIER = pankaj.personal.com.GitHubTrial;
				PRODUCT_NAME = "$(TARGET_NAME)";
				SWIFT_VERSION = 4.0;
				TARGETED_DEVICE_FAMILY = "1,2";
			};
			name = Release;
		};
		2C8AE99820B7687100CDC985 /* Debug */ = {
			isa = XCBuildConfiguration;
			buildSettings = {
				ALWAYS_EMBED_SWIFT_STANDARD_LIBRARIES = YES;
				BUNDLE_LOADER = "$(TEST_HOST)";
				CODE_SIGN_STYLE = Automatic;
				INFOPLIST_FILE = GitHubTrialTests/Info.plist;
				LD_RUNPATH_SEARCH_PATHS = "$(inherited) @executable_path/Frameworks @loader_path/Frameworks";
				PRODUCT_BUNDLE_IDENTIFIER = pankaj.personal.com.GitHubTrialTests;
				PRODUCT_NAME = "$(TARGET_NAME)";
				SWIFT_VERSION = 4.0;
				TARGETED_DEVICE_FAMILY = "1,2";
				TEST_HOST = "$(BUILT_PRODUCTS_DIR)/GitHubTrial.app/GitHubTrial";
			};
			name = Debug;
		};
		2C8AE99920B7687100CDC985 /* Release */ = {
			isa = XCBuildConfiguration;
			buildSettings = {
				ALWAYS_EMBED_SWIFT_STANDARD_LIBRARIES = YES;
				BUNDLE_LOADER = "$(TEST_HOST)";
				CODE_SIGN_STYLE = Automatic;
				INFOPLIST_FILE = GitHubTrialTests/Info.plist;
				LD_RUNPATH_SEARCH_PATHS = "$(inherited) @executable_path/Frameworks @loader_path/Frameworks";
				PRODUCT_BUNDLE_IDENTIFIER = pankaj.personal.com.GitHubTrialTests;
				PRODUCT_NAME = "$(TARGET_NAME)";
				SWIFT_VERSION = 4.0;
				TARGETED_DEVICE_FAMILY = "1,2";
				TEST_HOST = "$(BUILT_PRODUCTS_DIR)/GitHubTrial.app/GitHubTrial";
			};
			name = Release;
		};
		2C8AE99B20B7687100CDC985 /* Debug */ = {
			isa = XCBuildConfiguration;
			buildSettings = {
				ALWAYS_EMBED_SWIFT_STANDARD_LIBRARIES = YES;
				CODE_SIGN_STYLE = Automatic;
				INFOPLIST_FILE = GitHubTrialUITests/Info.plist;
				LD_RUNPATH_SEARCH_PATHS = "$(inherited) @executable_path/Frameworks @loader_path/Frameworks";
				PRODUCT_BUNDLE_IDENTIFIER = pankaj.personal.com.GitHubTrialUITests;
				PRODUCT_NAME = "$(TARGET_NAME)";
				SWIFT_VERSION = 4.0;
				TARGETED_DEVICE_FAMILY = "1,2";
				TEST_TARGET_NAME = GitHubTrial;
			};
			name = Debug;
		};
		2C8AE99C20B7687100CDC985 /* Release */ = {
			isa = XCBuildConfiguration;
			buildSettings = {
				ALWAYS_EMBED_SWIFT_STANDARD_LIBRARIES = YES;
				CODE_SIGN_STYLE = Automatic;
				INFOPLIST_FILE = GitHubTrialUITests/Info.plist;
				LD_RUNPATH_SEARCH_PATHS = "$(inherited) @executable_path/Frameworks @loader_path/Frameworks";
				PRODUCT_BUNDLE_IDENTIFIER = pankaj.personal.com.GitHubTrialUITests;
				PRODUCT_NAME = "$(TARGET_NAME)";
				SWIFT_VERSION = 4.0;
				TARGETED_DEVICE_FAMILY = "1,2";
				TEST_TARGET_NAME = GitHubTrial;
			};
			name = Release;
		};
/* End XCBuildConfiguration section */

/* Begin XCConfigurationList section */
		2C8AE96720B7686E00CDC985 /* Build configuration list for PBXProject "GitHubTrial" */ = {
			isa = XCConfigurationList;
			buildConfigurations = (
				2C8AE99220B7687100CDC985 /* Debug */,
				2C8AE99320B7687100CDC985 /* Release */,
			);
			defaultConfigurationIsVisible = 0;
			defaultConfigurationName = Release;
		};
		2C8AE99420B7687100CDC985 /* Build configuration list for PBXNativeTarget "GitHubTrial" */ = {
			isa = XCConfigurationList;
			buildConfigurations = (
				2C8AE99520B7687100CDC985 /* Debug */,
				2C8AE99620B7687100CDC985 /* Release */,
			);
			defaultConfigurationIsVisible = 0;
			defaultConfigurationName = Release;
		};
		2C8AE99720B7687100CDC985 /* Build configuration list for PBXNativeTarget "GitHubTrialTests" */ = {
			isa = XCConfigurationList;
			buildConfigurations = (
				2C8AE99820B7687100CDC985 /* Debug */,
				2C8AE99920B7687100CDC985 /* Release */,
			);
			defaultConfigurationIsVisible = 0;
			defaultConfigurationName = Release;
		};
		2C8AE99A20B7687100CDC985 /* Build configuration list for PBXNativeTarget "GitHubTrialUITests" */ = {
			isa = XCConfigurationList;
			buildConfigurations = (
				2C8AE99B20B7687100CDC985 /* Debug */,
				2C8AE99C20B7687100CDC985 /* Release */,
			);
			defaultConfigurationIsVisible = 0;
			defaultConfigurationName = Release;
		};
/* End XCConfigurationList section */
	};
	rootObject = 2C8AE96420B7686E00CDC985 /* Project object */;
}
